// !$*UTF8*$!
{
	archiveVersion = 1;
	classes = {
	};
	objectVersion = 50;
	objects = {

/* Begin PBXBuildFile section */
		2223F6A92648D9B400C28F32 /* ScannerTest.swift in Sources */ = {isa = PBXBuildFile; fileRef = 2223F6A82648D9B400C28F32 /* ScannerTest.swift */; };
		2223F6BB2649146C00C28F32 /* Expr.swift in Sources */ = {isa = PBXBuildFile; fileRef = 2223F6BA2649146C00C28F32 /* Expr.swift */; };
		227FBB33264ACE730045364E /* Parser.swift in Sources */ = {isa = PBXBuildFile; fileRef = 227FBB32264ACE730045364E /* Parser.swift */; };
		227FBB37264D796F0045364E /* ParserError.swift in Sources */ = {isa = PBXBuildFile; fileRef = 227FBB36264D796F0045364E /* ParserError.swift */; };
		227FBB3B265540570045364E /* RuntimeError.swift in Sources */ = {isa = PBXBuildFile; fileRef = 227FBB3A265540570045364E /* RuntimeError.swift */; };
		22B06EF826288B990048B23D /* main.swift in Sources */ = {isa = PBXBuildFile; fileRef = 22B06EF726288B990048B23D /* main.swift */; };
		22B06F03262DCD2B0048B23D /* SLox.swift in Sources */ = {isa = PBXBuildFile; fileRef = 22B06F02262DCD2B0048B23D /* SLox.swift */; };
		22B06F06262DCEF90048B23D /* Scanner.swift in Sources */ = {isa = PBXBuildFile; fileRef = 22B06F05262DCEF90048B23D /* Scanner.swift */; };
		22B06F09262DCF500048B23D /* Token.swift in Sources */ = {isa = PBXBuildFile; fileRef = 22B06F08262DCF500048B23D /* Token.swift */; };
		22C0732A265203F900AB8748 /* Interpreter.swift in Sources */ = {isa = PBXBuildFile; fileRef = 22C07329265203F900AB8748 /* Interpreter.swift */; };
/* End PBXBuildFile section */

/* Begin PBXCopyFilesBuildPhase section */
		22B06EF226288B990048B23D /* CopyFiles */ = {
			isa = PBXCopyFilesBuildPhase;
			buildActionMask = 2147483647;
			dstPath = /usr/share/man/man1/;
			dstSubfolderSpec = 0;
			files = (
			);
			runOnlyForDeploymentPostprocessing = 1;
		};
/* End PBXCopyFilesBuildPhase section */

/* Begin PBXFileReference section */
		2223F6982648D90F00C28F32 /* TestSLox.xctest */ = {isa = PBXFileReference; explicitFileType = wrapper.cfbundle; includeInIndex = 0; path = TestSLox.xctest; sourceTree = BUILT_PRODUCTS_DIR; };
		2223F69C2648D90F00C28F32 /* Info.plist */ = {isa = PBXFileReference; lastKnownFileType = text.plist.xml; path = Info.plist; sourceTree = "<group>"; };
		2223F6A82648D9B400C28F32 /* ScannerTest.swift */ = {isa = PBXFileReference; lastKnownFileType = sourcecode.swift; path = ScannerTest.swift; sourceTree = "<group>"; };
		2223F6BA2649146C00C28F32 /* Expr.swift */ = {isa = PBXFileReference; lastKnownFileType = sourcecode.swift; path = Expr.swift; sourceTree = "<group>"; };
		227FBB32264ACE730045364E /* Parser.swift */ = {isa = PBXFileReference; lastKnownFileType = sourcecode.swift; path = Parser.swift; sourceTree = "<group>"; };
		227FBB36264D796F0045364E /* ParserError.swift */ = {isa = PBXFileReference; lastKnownFileType = sourcecode.swift; path = ParserError.swift; sourceTree = "<group>"; };
		227FBB3A265540570045364E /* RuntimeError.swift */ = {isa = PBXFileReference; lastKnownFileType = sourcecode.swift; path = RuntimeError.swift; sourceTree = "<group>"; };
		22B06EF426288B990048B23D /* SLox */ = {isa = PBXFileReference; explicitFileType = "compiled.mach-o.executable"; includeInIndex = 0; path = SLox; sourceTree = BUILT_PRODUCTS_DIR; };
		22B06EF726288B990048B23D /* main.swift */ = {isa = PBXFileReference; lastKnownFileType = sourcecode.swift; path = main.swift; sourceTree = "<group>"; };
		22B06F02262DCD2B0048B23D /* SLox.swift */ = {isa = PBXFileReference; lastKnownFileType = sourcecode.swift; path = SLox.swift; sourceTree = "<group>"; };
		22B06F05262DCEF90048B23D /* Scanner.swift */ = {isa = PBXFileReference; lastKnownFileType = sourcecode.swift; path = Scanner.swift; sourceTree = "<group>"; };
		22B06F08262DCF500048B23D /* Token.swift */ = {isa = PBXFileReference; lastKnownFileType = sourcecode.swift; path = Token.swift; sourceTree = "<group>"; };
		22C07329265203F900AB8748 /* Interpreter.swift */ = {isa = PBXFileReference; lastKnownFileType = sourcecode.swift; path = Interpreter.swift; sourceTree = "<group>"; };
/* End PBXFileReference section */

/* Begin PBXFrameworksBuildPhase section */
		2223F6952648D90F00C28F32 /* Frameworks */ = {
			isa = PBXFrameworksBuildPhase;
			buildActionMask = 2147483647;
			files = (
			);
			runOnlyForDeploymentPostprocessing = 0;
		};
		22B06EF126288B990048B23D /* Frameworks */ = {
			isa = PBXFrameworksBuildPhase;
			buildActionMask = 2147483647;
			files = (
			);
			runOnlyForDeploymentPostprocessing = 0;
		};
/* End PBXFrameworksBuildPhase section */

/* Begin PBXGroup section */
		2223F6992648D90F00C28F32 /* TestSLox */ = {
			isa = PBXGroup;
			children = (
				2223F6A82648D9B400C28F32 /* ScannerTest.swift */,
				2223F69C2648D90F00C28F32 /* Info.plist */,
			);
			path = TestSLox;
			sourceTree = "<group>";
		};
		2223F6B9264911F100C28F32 /* Parser */ = {
			isa = PBXGroup;
			children = (
				2223F6BA2649146C00C28F32 /* Expr.swift */,
				227FBB32264ACE730045364E /* Parser.swift */,
				227FBB36264D796F0045364E /* ParserError.swift */,
			);
			path = Parser;
			sourceTree = "<group>";
		};
		22B06EEB26288B990048B23D = {
			isa = PBXGroup;
			children = (
				22B06EF626288B990048B23D /* SLox */,
				2223F6992648D90F00C28F32 /* TestSLox */,
				22B06EF526288B990048B23D /* Products */,
			);
			sourceTree = "<group>";
		};
		22B06EF526288B990048B23D /* Products */ = {
			isa = PBXGroup;
			children = (
				22B06EF426288B990048B23D /* SLox */,
				2223F6982648D90F00C28F32 /* TestSLox.xctest */,
			);
			name = Products;
			sourceTree = "<group>";
		};
		22B06EF626288B990048B23D /* SLox */ = {
			isa = PBXGroup;
			children = (
				22C07328265203DB00AB8748 /* Interpreter */,
				22B06EF726288B990048B23D /* main.swift */,
				22B06F02262DCD2B0048B23D /* SLox.swift */,
				22B06F05262DCEF90048B23D /* Scanner.swift */,
				22B06F08262DCF500048B23D /* Token.swift */,
				2223F6B9264911F100C28F32 /* Parser */,
			);
			path = SLox;
			sourceTree = "<group>";
		};
		22C07328265203DB00AB8748 /* Interpreter */ = {
			isa = PBXGroup;
			children = (
				22C07329265203F900AB8748 /* Interpreter.swift */,
				227FBB3A265540570045364E /* RuntimeError.swift */,
			);
			path = Interpreter;
			sourceTree = "<group>";
		};
/* End PBXGroup section */

/* Begin PBXNativeTarget section */
		2223F6972648D90F00C28F32 /* TestSLox */ = {
			isa = PBXNativeTarget;
			buildConfigurationList = 2223F69D2648D90F00C28F32 /* Build configuration list for PBXNativeTarget "TestSLox" */;
			buildPhases = (
				2223F6942648D90F00C28F32 /* Sources */,
				2223F6952648D90F00C28F32 /* Frameworks */,
				2223F6962648D90F00C28F32 /* Resources */,
			);
			buildRules = (
			);
			dependencies = (
			);
			name = TestSLox;
			productName = TestSLox;
			productReference = 2223F6982648D90F00C28F32 /* TestSLox.xctest */;
			productType = "com.apple.product-type.bundle.unit-test";
		};
		22B06EF326288B990048B23D /* SLox */ = {
			isa = PBXNativeTarget;
			buildConfigurationList = 22B06EFB26288B990048B23D /* Build configuration list for PBXNativeTarget "SLox" */;
			buildPhases = (
				22B06EF026288B990048B23D /* Sources */,
				22B06EF126288B990048B23D /* Frameworks */,
				22B06EF226288B990048B23D /* CopyFiles */,
			);
			buildRules = (
			);
			dependencies = (
			);
			name = SLox;
			productName = SLox;
			productReference = 22B06EF426288B990048B23D /* SLox */;
			productType = "com.apple.product-type.tool";
		};
/* End PBXNativeTarget section */

/* Begin PBXProject section */
		22B06EEC26288B990048B23D /* Project object */ = {
			isa = PBXProject;
			attributes = {
				LastSwiftUpdateCheck = 1240;
				LastUpgradeCheck = 1240;
				TargetAttributes = {
					2223F6972648D90F00C28F32 = {
						CreatedOnToolsVersion = 12.4;
					};
					22B06EF326288B990048B23D = {
						CreatedOnToolsVersion = 12.4;
					};
				};
			};
			buildConfigurationList = 22B06EEF26288B990048B23D /* Build configuration list for PBXProject "SLox" */;
			compatibilityVersion = "Xcode 9.3";
			developmentRegion = en;
			hasScannedForEncodings = 0;
			knownRegions = (
				en,
				Base,
			);
			mainGroup = 22B06EEB26288B990048B23D;
			productRefGroup = 22B06EF526288B990048B23D /* Products */;
			projectDirPath = "";
			projectRoot = "";
			targets = (
				22B06EF326288B990048B23D /* SLox */,
				2223F6972648D90F00C28F32 /* TestSLox */,
			);
		};
/* End PBXProject section */

/* Begin PBXResourcesBuildPhase section */
		2223F6962648D90F00C28F32 /* Resources */ = {
			isa = PBXResourcesBuildPhase;
			buildActionMask = 2147483647;
			files = (
			);
			runOnlyForDeploymentPostprocessing = 0;
		};
/* End PBXResourcesBuildPhase section */

/* Begin PBXSourcesBuildPhase section */
		2223F6942648D90F00C28F32 /* Sources */ = {
			isa = PBXSourcesBuildPhase;
			buildActionMask = 2147483647;
			files = (
				2223F6A92648D9B400C28F32 /* ScannerTest.swift in Sources */,
			);
			runOnlyForDeploymentPostprocessing = 0;
		};
		22B06EF026288B990048B23D /* Sources */ = {
			isa = PBXSourcesBuildPhase;
			buildActionMask = 2147483647;
			files = (
				22C0732A265203F900AB8748 /* Interpreter.swift in Sources */,
				2223F6BB2649146C00C28F32 /* Expr.swift in Sources */,
				22B06EF826288B990048B23D /* main.swift in Sources */,
				227FBB3B265540570045364E /* RuntimeError.swift in Sources */,
				227FBB33264ACE730045364E /* Parser.swift in Sources */,
				22B06F06262DCEF90048B23D /* Scanner.swift in Sources */,
				22B06F03262DCD2B0048B23D /* SLox.swift in Sources */,
				22B06F09262DCF500048B23D /* Token.swift in Sources */,
				227FBB37264D796F0045364E /* ParserError.swift in Sources */,
			);
			runOnlyForDeploymentPostprocessing = 0;
		};
/* End PBXSourcesBuildPhase section */

/* Begin XCBuildConfiguration section */
		2223F69E2648D90F00C28F32 /* Debug */ = {
			isa = XCBuildConfiguration;
			buildSettings = {
				CODE_SIGN_STYLE = Automatic;
				COMBINE_HIDPI_IMAGES = YES;
				INFOPLIST_FILE = TestSLox/Info.plist;
				LD_RUNPATH_SEARCH_PATHS = (
					"$(inherited)",
					"@executable_path/../Frameworks",
					"@loader_path/../Frameworks",
				);
				PRODUCT_BUNDLE_IDENTIFIER = CB.TestSLox;
				PRODUCT_NAME = "$(TARGET_NAME)";
				SWIFT_VERSION = 5.0;
			};
			name = Debug;
		};
		2223F69F2648D90F00C28F32 /* Release */ = {
			isa = XCBuildConfiguration;
			buildSettings = {
				CODE_SIGN_STYLE = Automatic;
				COMBINE_HIDPI_IMAGES = YES;
				INFOPLIST_FILE = TestSLox/Info.plist;
				LD_RUNPATH_SEARCH_PATHS = (
					"$(inherited)",
					"@executable_path/../Frameworks",
					"@loader_path/../Frameworks",
				);
				PRODUCT_BUNDLE_IDENTIFIER = CB.TestSLox;
				PRODUCT_NAME = "$(TARGET_NAME)";
				SWIFT_VERSION = 5.0;
			};
			name = Release;
		};
		22B06EF926288B990048B23D /* Debug */ = {
			isa = XCBuildConfiguration;
			buildSettings = {
				ALWAYS_SEARCH_USER_PATHS = NO;
				CLANG_ANALYZER_NONNULL = YES;
				CLANG_ANALYZER_NUMBER_OBJECT_CONVERSION = YES_AGGRESSIVE;
				CLANG_CXX_LANGUAGE_STANDARD = "gnu++14";
				CLANG_CXX_LIBRARY = "libc++";
				CLANG_ENABLE_MODULES = YES;
				CLANG_ENABLE_OBJC_ARC = YES;
				CLANG_ENABLE_OBJC_WEAK = YES;
				CLANG_WARN_BLOCK_CAPTURE_AUTORELEASING = YES;
				CLANG_WARN_BOOL_CONVERSION = YES;
				CLANG_WARN_COMMA = YES;
				CLANG_WARN_CONSTANT_CONVERSION = YES;
				CLANG_WARN_DEPRECATED_OBJC_IMPLEMENTATIONS = YES;
				CLANG_WARN_DIRECT_OBJC_ISA_USAGE = YES_ERROR;
				CLANG_WARN_DOCUMENTATION_COMMENTS = YES;
				CLANG_WARN_EMPTY_BODY = YES;
				CLANG_WARN_ENUM_CONVERSION = YES;
				CLANG_WARN_INFINITE_RECURSION = YES;
				CLANG_WARN_INT_CONVERSION = YES;
				CLANG_WARN_NON_LITERAL_NULL_CONVERSION = YES;
				CLANG_WARN_OBJC_IMPLICIT_RETAIN_SELF = YES;
				CLANG_WARN_OBJC_LITERAL_CONVERSION = YES;
				CLANG_WARN_OBJC_ROOT_CLASS = YES_ERROR;
				CLANG_WARN_QUOTED_INCLUDE_IN_FRAMEWORK_HEADER = YES;
				CLANG_WARN_RANGE_LOOP_ANALYSIS = YES;
				CLANG_WARN_STRICT_PROTOTYPES = YES;
				CLANG_WARN_SUSPICIOUS_MOVE = YES;
				CLANG_WARN_UNGUARDED_AVAILABILITY = YES_AGGRESSIVE;
				CLANG_WARN_UNREACHABLE_CODE = YES;
				CLANG_WARN__DUPLICATE_METHOD_MATCH = YES;
				COPY_PHASE_STRIP = NO;
				DEBUG_INFORMATION_FORMAT = dwarf;
				ENABLE_STRICT_OBJC_MSGSEND = YES;
				ENABLE_TESTABILITY = YES;
				GCC_C_LANGUAGE_STANDARD = gnu11;
				GCC_DYNAMIC_NO_PIC = NO;
				GCC_NO_COMMON_BLOCKS = YES;
				GCC_OPTIMIZATION_LEVEL = 0;
				GCC_PREPROCESSOR_DEFINITIONS = (
					"DEBUG=1",
					"$(inherited)",
				);
				GCC_WARN_64_TO_32_BIT_CONVERSION = YES;
				GCC_WARN_ABOUT_RETURN_TYPE = YES_ERROR;
				GCC_WARN_UNDECLARED_SELECTOR = YES;
				GCC_WARN_UNINITIALIZED_AUTOS = YES_AGGRESSIVE;
				GCC_WARN_UNUSED_FUNCTION = YES;
				GCC_WARN_UNUSED_VARIABLE = YES;
				MACOSX_DEPLOYMENT_TARGET = 11.1;
				MTL_ENABLE_DEBUG_INFO = INCLUDE_SOURCE;
				MTL_FAST_MATH = YES;
				ONLY_ACTIVE_ARCH = YES;
				SDKROOT = macosx;
				SWIFT_ACTIVE_COMPILATION_CONDITIONS = DEBUG;
				SWIFT_OPTIMIZATION_LEVEL = "-Onone";
			};
			name = Debug;
		};
		22B06EFA26288B990048B23D /* Release */ = {
			isa = XCBuildConfiguration;
			buildSettings = {
				ALWAYS_SEARCH_USER_PATHS = NO;
				CLANG_ANALYZER_NONNULL = YES;
				CLANG_ANALYZER_NUMBER_OBJECT_CONVERSION = YES_AGGRESSIVE;
				CLANG_CXX_LANGUAGE_STANDARD = "gnu++14";
				CLANG_CXX_LIBRARY = "libc++";
				CLANG_ENABLE_MODULES = YES;
				CLANG_ENABLE_OBJC_ARC = YES;
				CLANG_ENABLE_OBJC_WEAK = YES;
				CLANG_WARN_BLOCK_CAPTURE_AUTORELEASING = YES;
				CLANG_WARN_BOOL_CONVERSION = YES;
				CLANG_WARN_COMMA = YES;
				CLANG_WARN_CONSTANT_CONVERSION = YES;
				CLANG_WARN_DEPRECATED_OBJC_IMPLEMENTATIONS = YES;
				CLANG_WARN_DIRECT_OBJC_ISA_USAGE = YES_ERROR;
				CLANG_WARN_DOCUMENTATION_COMMENTS = YES;
				CLANG_WARN_EMPTY_BODY = YES;
				CLANG_WARN_ENUM_CONVERSION = YES;
				CLANG_WARN_INFINITE_RECURSION = YES;
				CLANG_WARN_INT_CONVERSION = YES;
				CLANG_WARN_NON_LITERAL_NULL_CONVERSION = YES;
				CLANG_WARN_OBJC_IMPLICIT_RETAIN_SELF = YES;
				CLANG_WARN_OBJC_LITERAL_CONVERSION = YES;
				CLANG_WARN_OBJC_ROOT_CLASS = YES_ERROR;
				CLANG_WARN_QUOTED_INCLUDE_IN_FRAMEWORK_HEADER = YES;
				CLANG_WARN_RANGE_LOOP_ANALYSIS = YES;
				CLANG_WARN_STRICT_PROTOTYPES = YES;
				CLANG_WARN_SUSPICIOUS_MOVE = YES;
				CLANG_WARN_UNGUARDED_AVAILABILITY = YES_AGGRESSIVE;
				CLANG_WARN_UNREACHABLE_CODE = YES;
				CLANG_WARN__DUPLICATE_METHOD_MATCH = YES;
				COPY_PHASE_STRIP = NO;
				DEBUG_INFORMATION_FORMAT = "dwarf-with-dsym";
				ENABLE_NS_ASSERTIONS = NO;
				ENABLE_STRICT_OBJC_MSGSEND = YES;
				GCC_C_LANGUAGE_STANDARD = gnu11;
				GCC_NO_COMMON_BLOCKS = YES;
				GCC_WARN_64_TO_32_BIT_CONVERSION = YES;
				GCC_WARN_ABOUT_RETURN_TYPE = YES_ERROR;
				GCC_WARN_UNDECLARED_SELECTOR = YES;
				GCC_WARN_UNINITIALIZED_AUTOS = YES_AGGRESSIVE;
				GCC_WARN_UNUSED_FUNCTION = YES;
				GCC_WARN_UNUSED_VARIABLE = YES;
				MACOSX_DEPLOYMENT_TARGET = 11.1;
				MTL_ENABLE_DEBUG_INFO = NO;
				MTL_FAST_MATH = YES;
				SDKROOT = macosx;
				SWIFT_COMPILATION_MODE = wholemodule;
				SWIFT_OPTIMIZATION_LEVEL = "-O";
			};
			name = Release;
		};
		22B06EFC26288B990048B23D /* Debug */ = {
			isa = XCBuildConfiguration;
			buildSettings = {
				CODE_SIGN_STYLE = Automatic;
				PRODUCT_NAME = "$(TARGET_NAME)";
				SWIFT_VERSION = 5.0;
			};
			name = Debug;
		};
		22B06EFD26288B990048B23D /* Release */ = {
			isa = XCBuildConfiguration;
			buildSettings = {
				CODE_SIGN_STYLE = Automatic;
				PRODUCT_NAME = "$(TARGET_NAME)";
				SWIFT_VERSION = 5.0;
			};
			name = Release;
		};
/* End XCBuildConfiguration section */

/* Begin XCConfigurationList section */
		2223F69D2648D90F00C28F32 /* Build configuration list for PBXNativeTarget "TestSLox" */ = {
			isa = XCConfigurationList;
			buildConfigurations = (
				2223F69E2648D90F00C28F32 /* Debug */,
				2223F69F2648D90F00C28F32 /* Release */,
			);
			defaultConfigurationIsVisible = 0;
			defaultConfigurationName = Release;
		};
		22B06EEF26288B990048B23D /* Build configuration list for PBXProject "SLox" */ = {
			isa = XCConfigurationList;
			buildConfigurations = (
				22B06EF926288B990048B23D /* Debug */,
				22B06EFA26288B990048B23D /* Release */,
			);
			defaultConfigurationIsVisible = 0;
			defaultConfigurationName = Release;
		};
		22B06EFB26288B990048B23D /* Build configuration list for PBXNativeTarget "SLox" */ = {
			isa = XCConfigurationList;
			buildConfigurations = (
				22B06EFC26288B990048B23D /* Debug */,
				22B06EFD26288B990048B23D /* Release */,
			);
			defaultConfigurationIsVisible = 0;
			defaultConfigurationName = Release;
		};
/* End XCConfigurationList section */
	};
	rootObject = 22B06EEC26288B990048B23D /* Project object */;
}
